
Microsoft Visual Studio Solution File, Format Version 12.00
# Visual Studio 2013
VisualStudioVersion = 12.0.31101.0
MinimumVisualStudioVersion = 10.0.40219.1
Project("{FAE04EC0-301F-11D3-BF4B-00C04F79EFBC}") = "Conexion", "Conexion\Conexion.csproj", "{C01AE243-8D0B-4D75-8AD5-E118EF4774CE}"
EndProject
Project("{FAE04EC0-301F-11D3-BF4B-00C04F79EFBC}") = "Datos", "Datos\Datos.csproj", "{F9C14FB1-5BB1-4863-9288-EEAD72DCDF84}"
EndProject
Project("{FAE04EC0-301F-11D3-BF4B-00C04F79EFBC}") = "Entidades", "Entidades\Entidades.csproj", "{AB86BCE9-6B63-47C1-97FA-CE13AC84605A}"
EndProject
Project("{FAE04EC0-301F-11D3-BF4B-00C04F79EFBC}") = "Negocio", "Negocio\Negocio.csproj", "{0277CB3D-8BD3-4384-8A3D-8665B04A1AFC}"
EndProject
Project("{E24C65DC-7377-472B-9ABA-BC803B73C61A}") = "WebRetros", "http://localhost:8856", "{C967B294-E6A0-4EFA-974A-27B7CC70E57F}"
	ProjectSection(WebsiteProperties) = preProject
		UseIISExpress = "true"
		TargetFrameworkMoniker = ".NETFramework,Version%3Dv4.5"
		ProjectReferences = "{0277cb3d-8bd3-4384-8a3d-8665b04a1afc}|Negocio.dll;{ab86bce9-6b63-47c1-97fa-ce13ac84605a}|Entidades.dll;{F9C14FB1-5BB1-4863-9288-EEAD72DCDF84}|Datos.dll;{C01AE243-8D0B-4D75-8AD5-E118EF4774CE}|Conexion.dll;"
		Debug.AspNetCompiler.VirtualPath = "/localhost_8856"
		Debug.AspNetCompiler.PhysicalPath = "WebRetros\"
		Debug.AspNetCompiler.TargetPath = "PrecompiledWeb\localhost_8856\"
		Debug.AspNetCompiler.Updateable = "true"
		Debug.AspNetCompiler.ForceOverwrite = "true"
		Debug.AspNetCompiler.FixedNames = "false"
		Debug.AspNetCompiler.Debug = "True"
		Release.AspNetCompiler.VirtualPath = "/localhost_8856"
		Release.AspNetCompiler.PhysicalPath = "WebRetros\"
		Release.AspNetCompiler.TargetPath = "PrecompiledWeb\localhost_8856\"
		Release.AspNetCompiler.Updateable = "true"
		Release.AspNetCompiler.ForceOverwrite = "true"
		Release.AspNetCompiler.FixedNames = "false"
		Release.AspNetCompiler.Debug = "False"
		SlnRelativePath = "WebRetros\"
		DefaultWebSiteLanguage = "Visual C#"
	EndProjectSection
EndProject
Global
	GlobalSection(SolutionConfigurationPlatforms) = preSolution
		Debug|Any CPU = Debug|Any CPU
		Release|Any CPU = Release|Any CPU
	EndGlobalSection
	GlobalSection(ProjectConfigurationPlatforms) = postSolution
		{C01AE243-8D0B-4D75-8AD5-E118EF4774CE}.Debug|Any CPU.ActiveCfg = Debug|Any CPU
		{C01AE243-8D0B-4D75-8AD5-E118EF4774CE}.Debug|Any CPU.Build.0 = Debug|Any CPU
		{C01AE243-8D0B-4D75-8AD5-E118EF4774CE}.Release|Any CPU.ActiveCfg = Release|Any CPU
		{C01AE243-8D0B-4D75-8AD5-E118EF4774CE}.Release|Any CPU.Build.0 = Release|Any CPU
		{F9C14FB1-5BB1-4863-9288-EEAD72DCDF84}.Debug|Any CPU.ActiveCfg = Debug|Any CPU
		{F9C14FB1-5BB1-4863-9288-EEAD72DCDF84}.Debug|Any CPU.Build.0 = Debug|Any CPU
		{F9C14FB1-5BB1-4863-9288-EEAD72DCDF84}.Release|Any CPU.ActiveCfg = Release|Any CPU
		{F9C14FB1-5BB1-4863-9288-EEAD72DCDF84}.Release|Any CPU.Build.0 = Release|Any CPU
		{AB86BCE9-6B63-47C1-97FA-CE13AC84605A}.Debug|Any CPU.ActiveCfg = Debug|Any CPU
		{AB86BCE9-6B63-47C1-97FA-CE13AC84605A}.Debug|Any CPU.Build.0 = Debug|Any CPU
		{AB86BCE9-6B63-47C1-97FA-CE13AC84605A}.Release|Any CPU.ActiveCfg = Release|Any CPU
		{AB86BCE9-6B63-47C1-97FA-CE13AC84605A}.Release|Any CPU.Build.0 = Release|Any CPU
		{0277CB3D-8BD3-4384-8A3D-8665B04A1AFC}.Debug|Any CPU.ActiveCfg = Debug|Any CPU
		{0277CB3D-8BD3-4384-8A3D-8665B04A1AFC}.Debug|Any CPU.Build.0 = Debug|Any CPU
		{0277CB3D-8BD3-4384-8A3D-8665B04A1AFC}.Release|Any CPU.ActiveCfg = Release|Any CPU
		{0277CB3D-8BD3-4384-8A3D-8665B04A1AFC}.Release|Any CPU.Build.0 = Release|Any CPU
		{C967B294-E6A0-4EFA-974A-27B7CC70E57F}.Debug|Any CPU.ActiveCfg = Debug|Any CPU
		{C967B294-E6A0-4EFA-974A-27B7CC70E57F}.Debug|Any CPU.Build.0 = Debug|Any CPU
		{C967B294-E6A0-4EFA-974A-27B7CC70E57F}.Release|Any CPU.ActiveCfg = Debug|Any CPU
		{C967B294-E6A0-4EFA-974A-27B7CC70E57F}.Release|Any CPU.Build.0 = Debug|Any CPU
	EndGlobalSection
	GlobalSection(SolutionProperties) = preSolution
		HideSolutionNode = FALSE
	EndGlobalSection
EndGlobal
